
Microsoft Visual Studio Solution File, Format Version 12.00
# Visual Studio Version 17
VisualStudioVersion = 17.4.33213.308
MinimumVisualStudioVersion = 10.0.40219.1
Project("{9A19103F-16F7-4668-BE54-9A1E7A4F7556}") = "Ejercicio-01", "Ejercicio-01\Ejercicio-01.csproj", "{4907D6CF-6CE9-4D6C-816E-6171A3BFB1E1}"
EndProject
Project("{9A19103F-16F7-4668-BE54-9A1E7A4F7556}") = "Ejercicio-02", "Ejercicio-02\Ejercicio-02.csproj", "{A619C1C0-9706-4C0B-A237-0CCB09FB2F6B}"
EndProject
Project("{9A19103F-16F7-4668-BE54-9A1E7A4F7556}") = "Ejercicio-03", "Ejercicio-03\Ejercicio-03.csproj", "{B8F067AF-B6AE-4D91-94B8-D9453C10565E}"
EndProject
Project("{9A19103F-16F7-4668-BE54-9A1E7A4F7556}") = "Ejercicio-04", "Ejercicio-04\Ejercicio-04.csproj", "{39BDE474-EB22-44C0-98D9-D16865A74E2D}"
EndProject
Project("{9A19103F-16F7-4668-BE54-9A1E7A4F7556}") = "ejercicio-05", "ejercicio-05\ejercicio-05.csproj", "{A952751D-6268-4C87-8ECC-58DCC1A3176B}"
EndProject
Project("{9A19103F-16F7-4668-BE54-9A1E7A4F7556}") = "Ejercicio-06", "Ejercicio-06\Ejercicio-06.csproj", "{B59AAFEA-45C1-453E-9862-074D2AE211B0}"
EndProject
Project("{9A19103F-16F7-4668-BE54-9A1E7A4F7556}") = "Ejercicio-Prestamo(Clase3)", "Ejercicio-Prestamo(Clase3)\Ejercicio-Prestamo(Clase3).csproj", "{3A04BEAD-6CC5-40EA-B8BD-1DE39F3D5220}"
EndProject
Project("{9A19103F-16F7-4668-BE54-9A1E7A4F7556}") = "Ejercicio07", "Ejercicio07\Ejercicio07.csproj", "{8CA05F7D-FEEB-46F5-BFBD-9BA2373287E8}"
EndProject
Project("{9A19103F-16F7-4668-BE54-9A1E7A4F7556}") = "Ejercicio08", "Ejercicio08\Ejercicio08.csproj", "{3B386A01-0C0F-4CFC-A6C5-30C67EE8C658}"
EndProject
Project("{9A19103F-16F7-4668-BE54-9A1E7A4F7556}") = "Ejercicio09", "Ejercicio09\Ejercicio09.csproj", "{6E73718A-3622-4F6F-B1A4-B618F32E696B}"
EndProject
Project("{9A19103F-16F7-4668-BE54-9A1E7A4F7556}") = "Ejercicio10", "Ejercicio10\Ejercicio10.csproj", "{AD7420B9-3AE8-4D1C-96A1-193379094F97}"
EndProject
Project("{9A19103F-16F7-4668-BE54-9A1E7A4F7556}") = "Ejercicio11", "Ejercicio11\Ejercicio11.csproj", "{3A488E53-C516-404F-BEFD-CFC2CCBC90A7}"
EndProject
Project("{9A19103F-16F7-4668-BE54-9A1E7A4F7556}") = "Ejercicio12", "Ejercicio12\Ejercicio12.csproj", "{42FAA953-6E01-441C-8E39-B5C8E2A2EA08}"
EndProject
Project("{9A19103F-16F7-4668-BE54-9A1E7A4F7556}") = "Ejercicio13", "Ejercicio13\Ejercicio13.csproj", "{99EA5D87-3BB0-4ED1-A7FC-1A366D9EDEB3}"
EndProject
Project("{9A19103F-16F7-4668-BE54-9A1E7A4F7556}") = "Ejercicio14", "Ejercicio14\Ejercicio14.csproj", "{C14F67E3-D281-410F-B032-92CCDE81893C}"
EndProject
Project("{9A19103F-16F7-4668-BE54-9A1E7A4F7556}") = "Ejercicio15", "Ejercicio15\Ejercicio15.csproj", "{4F4DD664-1473-4B00-9C0E-8993FF0B7F77}"
EndProject
Project("{9A19103F-16F7-4668-BE54-9A1E7A4F7556}") = "Ejercicio16", "Ejercicio16\Ejercicio16.csproj", "{3ED1A402-6E43-4989-89F5-04F59B69E866}"
EndProject
Project("{FAE04EC0-301F-11D3-BF4B-00C04F79EFBC}") = "Ejercicio17", "Ejercicio17\Ejercicio17.csproj", "{610A1111-CD65-4A73-90CD-5B2010F3AD04}"
EndProject
Project("{FAE04EC0-301F-11D3-BF4B-00C04F79EFBC}") = "Ejercicio18", "Ejercicio18\Ejercicio18.csproj", "{75F716F2-B1CE-4283-AAFF-4F64A0C19B60}"
EndProject
Project("{FAE04EC0-301F-11D3-BF4B-00C04F79EFBC}") = "Ejercicio19", "Ejercicio19\Ejercicio19.csproj", "{BD8D3820-B254-4804-B369-87553830853F}"
EndProject
Global
	GlobalSection(SolutionConfigurationPlatforms) = preSolution
		Debug|Any CPU = Debug|Any CPU
		Release|Any CPU = Release|Any CPU
	EndGlobalSection
	GlobalSection(ProjectConfigurationPlatforms) = postSolution
		{4907D6CF-6CE9-4D6C-816E-6171A3BFB1E1}.Debug|Any CPU.ActiveCfg = Debug|Any CPU
		{4907D6CF-6CE9-4D6C-816E-6171A3BFB1E1}.Debug|Any CPU.Build.0 = Debug|Any CPU
		{4907D6CF-6CE9-4D6C-816E-6171A3BFB1E1}.Release|Any CPU.ActiveCfg = Release|Any CPU
		{4907D6CF-6CE9-4D6C-816E-6171A3BFB1E1}.Release|Any CPU.Build.0 = Release|Any CPU
		{A619C1C0-9706-4C0B-A237-0CCB09FB2F6B}.Debug|Any CPU.ActiveCfg = Debug|Any CPU
		{A619C1C0-9706-4C0B-A237-0CCB09FB2F6B}.Debug|Any CPU.Build.0 = Debug|Any CPU
		{A619C1C0-9706-4C0B-A237-0CCB09FB2F6B}.Release|Any CPU.ActiveCfg = Release|Any CPU
		{A619C1C0-9706-4C0B-A237-0CCB09FB2F6B}.Release|Any CPU.Build.0 = Release|Any CPU
		{B8F067AF-B6AE-4D91-94B8-D9453C10565E}.Debug|Any CPU.ActiveCfg = Debug|Any CPU
		{B8F067AF-B6AE-4D91-94B8-D9453C10565E}.Debug|Any CPU.Build.0 = Debug|Any CPU
		{B8F067AF-B6AE-4D91-94B8-D9453C10565E}.Release|Any CPU.ActiveCfg = Release|Any CPU
		{B8F067AF-B6AE-4D91-94B8-D9453C10565E}.Release|Any CPU.Build.0 = Release|Any CPU
		{39BDE474-EB22-44C0-98D9-D16865A74E2D}.Debug|Any CPU.ActiveCfg = Debug|Any CPU
		{39BDE474-EB22-44C0-98D9-D16865A74E2D}.Debug|Any CPU.Build.0 = Debug|Any CPU
		{39BDE474-EB22-44C0-98D9-D16865A74E2D}.Release|Any CPU.ActiveCfg = Release|Any CPU
		{39BDE474-EB22-44C0-98D9-D16865A74E2D}.Release|Any CPU.Build.0 = Release|Any CPU
		{A952751D-6268-4C87-8ECC-58DCC1A3176B}.Debug|Any CPU.ActiveCfg = Debug|Any CPU
		{A952751D-6268-4C87-8ECC-58DCC1A3176B}.Debug|Any CPU.Build.0 = Debug|Any CPU
		{A952751D-6268-4C87-8ECC-58DCC1A3176B}.Release|Any CPU.ActiveCfg = Release|Any CPU
		{A952751D-6268-4C87-8ECC-58DCC1A3176B}.Release|Any CPU.Build.0 = Release|Any CPU
		{B59AAFEA-45C1-453E-9862-074D2AE211B0}.Debug|Any CPU.ActiveCfg = Debug|Any CPU
		{B59AAFEA-45C1-453E-9862-074D2AE211B0}.Debug|Any CPU.Build.0 = Debug|Any CPU
		{B59AAFEA-45C1-453E-9862-074D2AE211B0}.Release|Any CPU.ActiveCfg = Release|Any CPU
		{B59AAFEA-45C1-453E-9862-074D2AE211B0}.Release|Any CPU.Build.0 = Release|Any CPU
		{3A04BEAD-6CC5-40EA-B8BD-1DE39F3D5220}.Debug|Any CPU.ActiveCfg = Debug|Any CPU
		{3A04BEAD-6CC5-40EA-B8BD-1DE39F3D5220}.Debug|Any CPU.Build.0 = Debug|Any CPU
		{3A04BEAD-6CC5-40EA-B8BD-1DE39F3D5220}.Release|Any CPU.ActiveCfg = Release|Any CPU
		{3A04BEAD-6CC5-40EA-B8BD-1DE39F3D5220}.Release|Any CPU.Build.0 = Release|Any CPU
		{8CA05F7D-FEEB-46F5-BFBD-9BA2373287E8}.Debug|Any CPU.ActiveCfg = Debug|Any CPU
		{8CA05F7D-FEEB-46F5-BFBD-9BA2373287E8}.Debug|Any CPU.Build.0 = Debug|Any CPU
		{8CA05F7D-FEEB-46F5-BFBD-9BA2373287E8}.Release|Any CPU.ActiveCfg = Release|Any CPU
		{8CA05F7D-FEEB-46F5-BFBD-9BA2373287E8}.Release|Any CPU.Build.0 = Release|Any CPU
		{3B386A01-0C0F-4CFC-A6C5-30C67EE8C658}.Debug|Any CPU.ActiveCfg = Debug|Any CPU
		{3B386A01-0C0F-4CFC-A6C5-30C67EE8C658}.Debug|Any CPU.Build.0 = Debug|Any CPU
		{3B386A01-0C0F-4CFC-A6C5-30C67EE8C658}.Release|Any CPU.ActiveCfg = Release|Any CPU
		{3B386A01-0C0F-4CFC-A6C5-30C67EE8C658}.Release|Any CPU.Build.0 = Release|Any CPU
		{6E73718A-3622-4F6F-B1A4-B618F32E696B}.Debug|Any CPU.ActiveCfg = Debug|Any CPU
		{6E73718A-3622-4F6F-B1A4-B618F32E696B}.Debug|Any CPU.Build.0 = Debug|Any CPU
		{6E73718A-3622-4F6F-B1A4-B618F32E696B}.Release|Any CPU.ActiveCfg = Release|Any CPU
		{6E73718A-3622-4F6F-B1A4-B618F32E696B}.Release|Any CPU.Build.0 = Release|Any CPU
		{AD7420B9-3AE8-4D1C-96A1-193379094F97}.Debug|Any CPU.ActiveCfg = Debug|Any CPU
		{AD7420B9-3AE8-4D1C-96A1-193379094F97}.Debug|Any CPU.Build.0 = Debug|Any CPU
		{AD7420B9-3AE8-4D1C-96A1-193379094F97}.Release|Any CPU.ActiveCfg = Release|Any CPU
		{AD7420B9-3AE8-4D1C-96A1-193379094F97}.Release|Any CPU.Build.0 = Release|Any CPU
		{3A488E53-C516-404F-BEFD-CFC2CCBC90A7}.Debug|Any CPU.ActiveCfg = Debug|Any CPU
		{3A488E53-C516-404F-BEFD-CFC2CCBC90A7}.Debug|Any CPU.Build.0 = Debug|Any CPU
		{3A488E53-C516-404F-BEFD-CFC2CCBC90A7}.Release|Any CPU.ActiveCfg = Release|Any CPU
		{3A488E53-C516-404F-BEFD-CFC2CCBC90A7}.Release|Any CPU.Build.0 = Release|Any CPU
		{42FAA953-6E01-441C-8E39-B5C8E2A2EA08}.Debug|Any CPU.ActiveCfg = Debug|Any CPU
		{42FAA953-6E01-441C-8E39-B5C8E2A2EA08}.Debug|Any CPU.Build.0 = Debug|Any CPU
		{42FAA953-6E01-441C-8E39-B5C8E2A2EA08}.Release|Any CPU.ActiveCfg = Release|Any CPU
		{42FAA953-6E01-441C-8E39-B5C8E2A2EA08}.Release|Any CPU.Build.0 = Release|Any CPU
		{99EA5D87-3BB0-4ED1-A7FC-1A366D9EDEB3}.Debug|Any CPU.ActiveCfg = Debug|Any CPU
		{99EA5D87-3BB0-4ED1-A7FC-1A366D9EDEB3}.Debug|Any CPU.Build.0 = Debug|Any CPU
		{99EA5D87-3BB0-4ED1-A7FC-1A366D9EDEB3}.Release|Any CPU.ActiveCfg = Release|Any CPU
		{99EA5D87-3BB0-4ED1-A7FC-1A366D9EDEB3}.Release|Any CPU.Build.0 = Release|Any CPU
		{C14F67E3-D281-410F-B032-92CCDE81893C}.Debug|Any CPU.ActiveCfg = Debug|Any CPU
		{C14F67E3-D281-410F-B032-92CCDE81893C}.Debug|Any CPU.Build.0 = Debug|Any CPU
		{C14F67E3-D281-410F-B032-92CCDE81893C}.Release|Any CPU.ActiveCfg = Release|Any CPU
		{C14F67E3-D281-410F-B032-92CCDE81893C}.Release|Any CPU.Build.0 = Release|Any CPU
		{4F4DD664-1473-4B00-9C0E-8993FF0B7F77}.Debug|Any CPU.ActiveCfg = Debug|Any CPU
		{4F4DD664-1473-4B00-9C0E-8993FF0B7F77}.Debug|Any CPU.Build.0 = Debug|Any CPU
		{4F4DD664-1473-4B00-9C0E-8993FF0B7F77}.Release|Any CPU.ActiveCfg = Release|Any CPU
		{4F4DD664-1473-4B00-9C0E-8993FF0B7F77}.Release|Any CPU.Build.0 = Release|Any CPU
		{3ED1A402-6E43-4989-89F5-04F59B69E866}.Debug|Any CPU.ActiveCfg = Debug|Any CPU
		{3ED1A402-6E43-4989-89F5-04F59B69E866}.Debug|Any CPU.Build.0 = Debug|Any CPU
		{3ED1A402-6E43-4989-89F5-04F59B69E866}.Release|Any CPU.ActiveCfg = Release|Any CPU
		{3ED1A402-6E43-4989-89F5-04F59B69E866}.Release|Any CPU.Build.0 = Release|Any CPU
		{610A1111-CD65-4A73-90CD-5B2010F3AD04}.Debug|Any CPU.ActiveCfg = Debug|Any CPU
		{610A1111-CD65-4A73-90CD-5B2010F3AD04}.Debug|Any CPU.Build.0 = Debug|Any CPU
		{610A1111-CD65-4A73-90CD-5B2010F3AD04}.Release|Any CPU.ActiveCfg = Release|Any CPU
		{610A1111-CD65-4A73-90CD-5B2010F3AD04}.Release|Any CPU.Build.0 = Release|Any CPU
		{75F716F2-B1CE-4283-AAFF-4F64A0C19B60}.Debug|Any CPU.ActiveCfg = Debug|Any CPU
		{75F716F2-B1CE-4283-AAFF-4F64A0C19B60}.Debug|Any CPU.Build.0 = Debug|Any CPU
		{75F716F2-B1CE-4283-AAFF-4F64A0C19B60}.Release|Any CPU.ActiveCfg = Release|Any CPU
		{75F716F2-B1CE-4283-AAFF-4F64A0C19B60}.Release|Any CPU.Build.0 = Release|Any CPU
		{BD8D3820-B254-4804-B369-87553830853F}.Debug|Any CPU.ActiveCfg = Debug|Any CPU
		{BD8D3820-B254-4804-B369-87553830853F}.Debug|Any CPU.Build.0 = Debug|Any CPU
		{BD8D3820-B254-4804-B369-87553830853F}.Release|Any CPU.ActiveCfg = Release|Any CPU
		{BD8D3820-B254-4804-B369-87553830853F}.Release|Any CPU.Build.0 = Release|Any CPU
	EndGlobalSection
	GlobalSection(SolutionProperties) = preSolution
		HideSolutionNode = FALSE
	EndGlobalSection
	GlobalSection(ExtensibilityGlobals) = postSolution
		SolutionGuid = {26193153-5A64-4FEB-8681-DEF642B2445E}
	EndGlobalSection
EndGlobal
