
Microsoft Visual Studio Solution File, Format Version 12.00
# Visual Studio Version 17
VisualStudioVersion = 17.5.33516.290
MinimumVisualStudioVersion = 10.0.40219.1
Project("{FAE04EC0-301F-11D3-BF4B-00C04F79EFBC}") = "UI", "UI\UI.csproj", "{A5FC9A82-8F59-4533-952B-696546AEB4CC}"
EndProject
Project("{FAE04EC0-301F-11D3-BF4B-00C04F79EFBC}") = "Logic", "Product\Logic.csproj", "{A5AB32C1-DB1E-4560-8F3E-C5BC1610A039}"
EndProject
Global
	GlobalSection(SolutionConfigurationPlatforms) = preSolution
		Debug|Any CPU = Debug|Any CPU
		Release|Any CPU = Release|Any CPU
	EndGlobalSection
	GlobalSection(ProjectConfigurationPlatforms) = postSolution
		{A5FC9A82-8F59-4533-952B-696546AEB4CC}.Debug|Any CPU.ActiveCfg = Debug|Any CPU
		{A5FC9A82-8F59-4533-952B-696546AEB4CC}.Debug|Any CPU.Build.0 = Debug|Any CPU
		{A5FC9A82-8F59-4533-952B-696546AEB4CC}.Release|Any CPU.ActiveCfg = Release|Any CPU
		{A5FC9A82-8F59-4533-952B-696546AEB4CC}.Release|Any CPU.Build.0 = Release|Any CPU
		{A5AB32C1-DB1E-4560-8F3E-C5BC1610A039}.Debug|Any CPU.ActiveCfg = Debug|Any CPU
		{A5AB32C1-DB1E-4560-8F3E-C5BC1610A039}.Debug|Any CPU.Build.0 = Debug|Any CPU
		{A5AB32C1-DB1E-4560-8F3E-C5BC1610A039}.Release|Any CPU.ActiveCfg = Release|Any CPU
		{A5AB32C1-DB1E-4560-8F3E-C5BC1610A039}.Release|Any CPU.Build.0 = Release|Any CPU
	EndGlobalSection
	GlobalSection(SolutionProperties) = preSolution
		HideSolutionNode = FALSE
	EndGlobalSection
	GlobalSection(ExtensibilityGlobals) = postSolution
		SolutionGuid = {65AFD6FE-172F-40EC-87E6-44D8A4F04EBE}
	EndGlobalSection
EndGlobal
