
Microsoft Visual Studio Solution File, Format Version 12.00
# Visual Studio Version 17
VisualStudioVersion = 17.5.33530.505
MinimumVisualStudioVersion = 10.0.40219.1
Project("{FAE04EC0-301F-11D3-BF4B-00C04F79EFBC}") = "UI", "UI\UI.csproj", "{4F70E245-BF60-4479-BC88-B77524B07884}"
EndProject
Project("{FAE04EC0-301F-11D3-BF4B-00C04F79EFBC}") = "Logic", "Logic\Logic.csproj", "{64832A57-C502-4B54-9351-CBFBE4726A20}"
EndProject
Global
	GlobalSection(SolutionConfigurationPlatforms) = preSolution
		Debug|Any CPU = Debug|Any CPU
		Release|Any CPU = Release|Any CPU
	EndGlobalSection
	GlobalSection(ProjectConfigurationPlatforms) = postSolution
		{4F70E245-BF60-4479-BC88-B77524B07884}.Debug|Any CPU.ActiveCfg = Debug|Any CPU
		{4F70E245-BF60-4479-BC88-B77524B07884}.Debug|Any CPU.Build.0 = Debug|Any CPU
		{4F70E245-BF60-4479-BC88-B77524B07884}.Release|Any CPU.ActiveCfg = Release|Any CPU
		{4F70E245-BF60-4479-BC88-B77524B07884}.Release|Any CPU.Build.0 = Release|Any CPU
		{64832A57-C502-4B54-9351-CBFBE4726A20}.Debug|Any CPU.ActiveCfg = Debug|Any CPU
		{64832A57-C502-4B54-9351-CBFBE4726A20}.Debug|Any CPU.Build.0 = Debug|Any CPU
		{64832A57-C502-4B54-9351-CBFBE4726A20}.Release|Any CPU.ActiveCfg = Release|Any CPU
		{64832A57-C502-4B54-9351-CBFBE4726A20}.Release|Any CPU.Build.0 = Release|Any CPU
	EndGlobalSection
	GlobalSection(SolutionProperties) = preSolution
		HideSolutionNode = FALSE
	EndGlobalSection
	GlobalSection(ExtensibilityGlobals) = postSolution
		SolutionGuid = {249AAB8C-B0F1-487C-8390-78CACF186324}
	EndGlobalSection
EndGlobal
