
Microsoft Visual Studio Solution File, Format Version 12.00
# Visual Studio Version 17
VisualStudioVersion = 17.5.33530.505
MinimumVisualStudioVersion = 10.0.40219.1
Project("{FAE04EC0-301F-11D3-BF4B-00C04F79EFBC}") = "UI", "UI\UI.csproj", "{3F2F512F-E1F4-443F-8434-3D31C82954F0}"
EndProject
Project("{FAE04EC0-301F-11D3-BF4B-00C04F79EFBC}") = "Logic", "Logic\Logic.csproj", "{8462F501-710E-4DEE-8AE8-C985FDE15A1F}"
EndProject
Global
	GlobalSection(SolutionConfigurationPlatforms) = preSolution
		Debug|Any CPU = Debug|Any CPU
		Release|Any CPU = Release|Any CPU
	EndGlobalSection
	GlobalSection(ProjectConfigurationPlatforms) = postSolution
		{3F2F512F-E1F4-443F-8434-3D31C82954F0}.Debug|Any CPU.ActiveCfg = Debug|Any CPU
		{3F2F512F-E1F4-443F-8434-3D31C82954F0}.Debug|Any CPU.Build.0 = Debug|Any CPU
		{3F2F512F-E1F4-443F-8434-3D31C82954F0}.Release|Any CPU.ActiveCfg = Release|Any CPU
		{3F2F512F-E1F4-443F-8434-3D31C82954F0}.Release|Any CPU.Build.0 = Release|Any CPU
		{8462F501-710E-4DEE-8AE8-C985FDE15A1F}.Debug|Any CPU.ActiveCfg = Debug|Any CPU
		{8462F501-710E-4DEE-8AE8-C985FDE15A1F}.Debug|Any CPU.Build.0 = Debug|Any CPU
		{8462F501-710E-4DEE-8AE8-C985FDE15A1F}.Release|Any CPU.ActiveCfg = Release|Any CPU
		{8462F501-710E-4DEE-8AE8-C985FDE15A1F}.Release|Any CPU.Build.0 = Release|Any CPU
	EndGlobalSection
	GlobalSection(SolutionProperties) = preSolution
		HideSolutionNode = FALSE
	EndGlobalSection
	GlobalSection(ExtensibilityGlobals) = postSolution
		SolutionGuid = {02F72B80-AAEB-4662-BF6C-1FC236877E5B}
	EndGlobalSection
EndGlobal
