
Microsoft Visual Studio Solution File, Format Version 12.00
# Visual Studio Version 17
VisualStudioVersion = 17.5.33530.505
MinimumVisualStudioVersion = 10.0.40219.1
Project("{FAE04EC0-301F-11D3-BF4B-00C04F79EFBC}") = "UI", "UI\UI.csproj", "{F30B802B-1A88-4328-AF1C-0AB754A6DEBE}"
EndProject
Project("{FAE04EC0-301F-11D3-BF4B-00C04F79EFBC}") = "Logic", "Logic\Logic.csproj", "{298525B4-C682-40F7-9F7A-4D0CF4003308}"
EndProject
Global
	GlobalSection(SolutionConfigurationPlatforms) = preSolution
		Debug|Any CPU = Debug|Any CPU
		Release|Any CPU = Release|Any CPU
	EndGlobalSection
	GlobalSection(ProjectConfigurationPlatforms) = postSolution
		{F30B802B-1A88-4328-AF1C-0AB754A6DEBE}.Debug|Any CPU.ActiveCfg = Debug|Any CPU
		{F30B802B-1A88-4328-AF1C-0AB754A6DEBE}.Debug|Any CPU.Build.0 = Debug|Any CPU
		{F30B802B-1A88-4328-AF1C-0AB754A6DEBE}.Release|Any CPU.ActiveCfg = Release|Any CPU
		{F30B802B-1A88-4328-AF1C-0AB754A6DEBE}.Release|Any CPU.Build.0 = Release|Any CPU
		{298525B4-C682-40F7-9F7A-4D0CF4003308}.Debug|Any CPU.ActiveCfg = Debug|Any CPU
		{298525B4-C682-40F7-9F7A-4D0CF4003308}.Debug|Any CPU.Build.0 = Debug|Any CPU
		{298525B4-C682-40F7-9F7A-4D0CF4003308}.Release|Any CPU.ActiveCfg = Release|Any CPU
		{298525B4-C682-40F7-9F7A-4D0CF4003308}.Release|Any CPU.Build.0 = Release|Any CPU
	EndGlobalSection
	GlobalSection(SolutionProperties) = preSolution
		HideSolutionNode = FALSE
	EndGlobalSection
	GlobalSection(ExtensibilityGlobals) = postSolution
		SolutionGuid = {AA576778-3B35-4990-B70C-4BD8C3C1D49D}
	EndGlobalSection
EndGlobal
