
Microsoft Visual Studio Solution File, Format Version 12.00
# Visual Studio Version 17
VisualStudioVersion = 17.5.33530.505
MinimumVisualStudioVersion = 10.0.40219.1
Project("{FAE04EC0-301F-11D3-BF4B-00C04F79EFBC}") = "UI", "UI\UI.csproj", "{85469B5F-F2AD-45F0-A8AE-E072C8F3E9E2}"
EndProject
Project("{FAE04EC0-301F-11D3-BF4B-00C04F79EFBC}") = "Logic", "Logic\Logic.csproj", "{E8CA25B8-F0DD-45E6-BAAB-7F114317A0E3}"
EndProject
Global
	GlobalSection(SolutionConfigurationPlatforms) = preSolution
		Debug|Any CPU = Debug|Any CPU
		Release|Any CPU = Release|Any CPU
	EndGlobalSection
	GlobalSection(ProjectConfigurationPlatforms) = postSolution
		{85469B5F-F2AD-45F0-A8AE-E072C8F3E9E2}.Debug|Any CPU.ActiveCfg = Debug|Any CPU
		{85469B5F-F2AD-45F0-A8AE-E072C8F3E9E2}.Debug|Any CPU.Build.0 = Debug|Any CPU
		{85469B5F-F2AD-45F0-A8AE-E072C8F3E9E2}.Release|Any CPU.ActiveCfg = Release|Any CPU
		{85469B5F-F2AD-45F0-A8AE-E072C8F3E9E2}.Release|Any CPU.Build.0 = Release|Any CPU
		{E8CA25B8-F0DD-45E6-BAAB-7F114317A0E3}.Debug|Any CPU.ActiveCfg = Debug|Any CPU
		{E8CA25B8-F0DD-45E6-BAAB-7F114317A0E3}.Debug|Any CPU.Build.0 = Debug|Any CPU
		{E8CA25B8-F0DD-45E6-BAAB-7F114317A0E3}.Release|Any CPU.ActiveCfg = Release|Any CPU
		{E8CA25B8-F0DD-45E6-BAAB-7F114317A0E3}.Release|Any CPU.Build.0 = Release|Any CPU
	EndGlobalSection
	GlobalSection(SolutionProperties) = preSolution
		HideSolutionNode = FALSE
	EndGlobalSection
	GlobalSection(ExtensibilityGlobals) = postSolution
		SolutionGuid = {A3316061-BAFC-4B13-AA60-3AD026E41880}
	EndGlobalSection
EndGlobal
