
Microsoft Visual Studio Solution File, Format Version 12.00
# Visual Studio Version 17
VisualStudioVersion = 17.5.33516.290
MinimumVisualStudioVersion = 10.0.40219.1
Project("{FAE04EC0-301F-11D3-BF4B-00C04F79EFBC}") = "UI", "UI\UI.csproj", "{A1CD236C-E1A9-40E9-82C2-D9AE7D8D7996}"
EndProject
Project("{FAE04EC0-301F-11D3-BF4B-00C04F79EFBC}") = "Bills", "Bills\Bills.csproj", "{FB8030B7-CEDC-448A-B758-59B82A139A4A}"
EndProject
Global
	GlobalSection(SolutionConfigurationPlatforms) = preSolution
		Debug|Any CPU = Debug|Any CPU
		Release|Any CPU = Release|Any CPU
	EndGlobalSection
	GlobalSection(ProjectConfigurationPlatforms) = postSolution
		{A1CD236C-E1A9-40E9-82C2-D9AE7D8D7996}.Debug|Any CPU.ActiveCfg = Debug|Any CPU
		{A1CD236C-E1A9-40E9-82C2-D9AE7D8D7996}.Debug|Any CPU.Build.0 = Debug|Any CPU
		{A1CD236C-E1A9-40E9-82C2-D9AE7D8D7996}.Release|Any CPU.ActiveCfg = Release|Any CPU
		{A1CD236C-E1A9-40E9-82C2-D9AE7D8D7996}.Release|Any CPU.Build.0 = Release|Any CPU
		{FB8030B7-CEDC-448A-B758-59B82A139A4A}.Debug|Any CPU.ActiveCfg = Debug|Any CPU
		{FB8030B7-CEDC-448A-B758-59B82A139A4A}.Debug|Any CPU.Build.0 = Debug|Any CPU
		{FB8030B7-CEDC-448A-B758-59B82A139A4A}.Release|Any CPU.ActiveCfg = Release|Any CPU
		{FB8030B7-CEDC-448A-B758-59B82A139A4A}.Release|Any CPU.Build.0 = Release|Any CPU
	EndGlobalSection
	GlobalSection(SolutionProperties) = preSolution
		HideSolutionNode = FALSE
	EndGlobalSection
	GlobalSection(ExtensibilityGlobals) = postSolution
		SolutionGuid = {0E3DB4C6-D7C7-429F-B929-607A532A38DE}
	EndGlobalSection
EndGlobal
