
Microsoft Visual Studio Solution File, Format Version 12.00
# Visual Studio Version 17
VisualStudioVersion = 17.5.33516.290
MinimumVisualStudioVersion = 10.0.40219.1
Project("{FAE04EC0-301F-11D3-BF4B-00C04F79EFBC}") = "UI", "UI\UI.csproj", "{A102CA8B-FDEC-4A32-B9F5-5CAADD08263A}"
EndProject
Global
	GlobalSection(SolutionConfigurationPlatforms) = preSolution
		Debug|Any CPU = Debug|Any CPU
		Release|Any CPU = Release|Any CPU
	EndGlobalSection
	GlobalSection(ProjectConfigurationPlatforms) = postSolution
		{A102CA8B-FDEC-4A32-B9F5-5CAADD08263A}.Debug|Any CPU.ActiveCfg = Debug|Any CPU
		{A102CA8B-FDEC-4A32-B9F5-5CAADD08263A}.Debug|Any CPU.Build.0 = Debug|Any CPU
		{A102CA8B-FDEC-4A32-B9F5-5CAADD08263A}.Release|Any CPU.ActiveCfg = Release|Any CPU
		{A102CA8B-FDEC-4A32-B9F5-5CAADD08263A}.Release|Any CPU.Build.0 = Release|Any CPU
	EndGlobalSection
	GlobalSection(SolutionProperties) = preSolution
		HideSolutionNode = FALSE
	EndGlobalSection
	GlobalSection(ExtensibilityGlobals) = postSolution
		SolutionGuid = {25B138AD-6DF3-4677-A00D-6921EE96855C}
	EndGlobalSection
EndGlobal
