
Microsoft Visual Studio Solution File, Format Version 12.00
# Visual Studio Version 17
VisualStudioVersion = 17.5.33516.290
MinimumVisualStudioVersion = 10.0.40219.1
Project("{FAE04EC0-301F-11D3-BF4B-00C04F79EFBC}") = "UI", "UI\UI.csproj", "{2B1B5682-4527-40CD-8495-546496EDFDE6}"
EndProject
Project("{FAE04EC0-301F-11D3-BF4B-00C04F79EFBC}") = "Logic", "Logic\Logic.csproj", "{D6A27695-F1F8-4E22-998F-8A16C71E1B3E}"
EndProject
Global
	GlobalSection(SolutionConfigurationPlatforms) = preSolution
		Debug|Any CPU = Debug|Any CPU
		Release|Any CPU = Release|Any CPU
	EndGlobalSection
	GlobalSection(ProjectConfigurationPlatforms) = postSolution
		{2B1B5682-4527-40CD-8495-546496EDFDE6}.Debug|Any CPU.ActiveCfg = Debug|Any CPU
		{2B1B5682-4527-40CD-8495-546496EDFDE6}.Debug|Any CPU.Build.0 = Debug|Any CPU
		{2B1B5682-4527-40CD-8495-546496EDFDE6}.Release|Any CPU.ActiveCfg = Release|Any CPU
		{2B1B5682-4527-40CD-8495-546496EDFDE6}.Release|Any CPU.Build.0 = Release|Any CPU
		{D6A27695-F1F8-4E22-998F-8A16C71E1B3E}.Debug|Any CPU.ActiveCfg = Debug|Any CPU
		{D6A27695-F1F8-4E22-998F-8A16C71E1B3E}.Debug|Any CPU.Build.0 = Debug|Any CPU
		{D6A27695-F1F8-4E22-998F-8A16C71E1B3E}.Release|Any CPU.ActiveCfg = Release|Any CPU
		{D6A27695-F1F8-4E22-998F-8A16C71E1B3E}.Release|Any CPU.Build.0 = Release|Any CPU
	EndGlobalSection
	GlobalSection(SolutionProperties) = preSolution
		HideSolutionNode = FALSE
	EndGlobalSection
	GlobalSection(ExtensibilityGlobals) = postSolution
		SolutionGuid = {373E8898-0278-4E03-B930-B932A109A83D}
	EndGlobalSection
EndGlobal
