
Microsoft Visual Studio Solution File, Format Version 12.00
# Visual Studio Version 17
VisualStudioVersion = 17.4.33213.308
MinimumVisualStudioVersion = 10.0.40219.1
Project("{FAE04EC0-301F-11D3-BF4B-00C04F79EFBC}") = "Ejerecicio-01-prograII", "Ejerecicio-01-prograII\Ejerecicio-01-prograII.csproj", "{D07BEA8B-D976-4B5F-B289-4FC63D18170A}"
EndProject
Global
	GlobalSection(SolutionConfigurationPlatforms) = preSolution
		Debug|Any CPU = Debug|Any CPU
		Release|Any CPU = Release|Any CPU
	EndGlobalSection
	GlobalSection(ProjectConfigurationPlatforms) = postSolution
		{D07BEA8B-D976-4B5F-B289-4FC63D18170A}.Debug|Any CPU.ActiveCfg = Debug|Any CPU
		{D07BEA8B-D976-4B5F-B289-4FC63D18170A}.Debug|Any CPU.Build.0 = Debug|Any CPU
		{D07BEA8B-D976-4B5F-B289-4FC63D18170A}.Release|Any CPU.ActiveCfg = Release|Any CPU
		{D07BEA8B-D976-4B5F-B289-4FC63D18170A}.Release|Any CPU.Build.0 = Release|Any CPU
	EndGlobalSection
	GlobalSection(SolutionProperties) = preSolution
		HideSolutionNode = FALSE
	EndGlobalSection
	GlobalSection(ExtensibilityGlobals) = postSolution
		SolutionGuid = {4CF9D2AF-414C-42AB-B600-F8EA5F26FC5D}
	EndGlobalSection
EndGlobal
